{
  "name": "@gesellix/bose-soundtouch",
  "lockfileVersion": 3,
  "requires": true,
  "packages": {
    "": {
      "name": "@gesellix/bose-soundtouch",
      "license": "MIT",
      "dependencies": {
        "htm": "3.1.1",
        "preact": "10.29.3",
        "ws": "^8.21.0"
      },
      "engines": {
        "node": ">=24.0.0"
      }
    },
    "node_modules/htm": {
      "version": "3.1.1",
      "resolved": "https://registry.npmjs.org/htm/-/htm-3.1.1.tgz",
      "integrity": "sha512-983Vyg8NwUE7JkZ6NmOqpCZ+sh1bKv2iYTlUkzlWmA5JD2acKoxd4KVxbMmxX/85mtfdnDmTFoNKcg5DGAvxNQ==",
      "license": "Apache-2.0"
    },
    "node_modules/preact": {
      "version": "10.29.3",
      "resolved": "https://registry.npmjs.org/preact/-/preact-10.29.3.tgz",
      "integrity": "sha512-D9NL1GAnJZhc3RndVs4gDdxEeU9TcHgywMrhhOsnpdlvFjdbx0gAsLUnH6JEhlJH5giL7Tx5biWPUSEXE/HPzw==",
      "license": "MIT",
      "funding": {
        "type": "opencollective",
        "url": "https://opencollective.com/preact"
      }
    },
    "node_modules/ws": {
      "version": "8.21.0",
      "resolved": "https://registry.npmjs.org/ws/-/ws-8.21.0.tgz",
      "integrity": "sha512-Vsp28b7DRcimFQvrqu2Wek3z1iYxDCWqHYB8Qsnk/S4RfaCQzPGPyBNuVjJV3cd6UiKtUtp6sNM77gWvzcCH+g==",
      "license": "MIT",
      "engines": {
        "node": ">=10.0.0"
      },
      "peerDependencies": {
        "bufferutil": "^4.0.1",
        "utf-8-validate": ">=5.0.2"
      },
      "peerDependenciesMeta": {
        "bufferutil": {
          "optional": true
        },
        "utf-8-validate": {
          "optional": true
        }
      }
    }
  }
}
